
Microsoft Visual Studio Solution File, Format Version 12.00
# Visual Studio Version 17
VisualStudioVersion = 17.4.33122.133
MinimumVisualStudioVersion = 10.0.40219.1
Project("{FAE04EC0-301F-11D3-BF4B-00C04F79EFBC}") = "MVC-MAS-AYAH", "MVC-MAS-AYAH\MVC-MAS-AYAH.csproj", "{0318CD8A-B56A-4E2D-9382-6343A1604952}"
EndProject
Global
	GlobalSection(SolutionConfigurationPlatforms) = preSolution
		Debug|Any CPU = Debug|Any CPU
		Release|Any CPU = Release|Any CPU
	EndGlobalSection
	GlobalSection(ProjectConfigurationPlatforms) = postSolution
		{0318CD8A-B56A-4E2D-9382-6343A1604952}.Debug|Any CPU.ActiveCfg = Debug|Any CPU
		{0318CD8A-B56A-4E2D-9382-6343A1604952}.Debug|Any CPU.Build.0 = Debug|Any CPU
		{0318CD8A-B56A-4E2D-9382-6343A1604952}.Release|Any CPU.ActiveCfg = Release|Any CPU
		{0318CD8A-B56A-4E2D-9382-6343A1604952}.Release|Any CPU.Build.0 = Release|Any CPU
	EndGlobalSection
	GlobalSection(SolutionProperties) = preSolution
		HideSolutionNode = FALSE
	EndGlobalSection
	GlobalSection(ExtensibilityGlobals) = postSolution
		SolutionGuid = {03C9EF32-B2BD-4216-A005-2A391927E10D}
	EndGlobalSection
EndGlobal
